
Microsoft Visual Studio Solution File, Format Version 12.00
# Visual Studio Version 17
VisualStudioVersion = 17.0.31903.59
MinimumVisualStudioVersion = 10.0.40219.1
Project("{2150E333-8FDC-42A3-9474-1A3956D46DE8}") = "src", "src", "{827E0CD3-B72D-47B6-A68D-7590B98EB39B}"
EndProject
Project("{FAE04EC0-301F-11D3-BF4B-00C04F79EFBC}") = "WAT.IoT.Core", "src\WAT.IoT.Core\WAT.IoT.Core.csproj", "{CF8B2279-55AF-4B04-8CB6-E1ED618AB91F}"
EndProject
Project("{FAE04EC0-301F-11D3-BF4B-00C04F79EFBC}") = "WAT.IoT.Devices", "src\WAT.IoT.Devices\WAT.IoT.Devices.csproj", "{F7D3FF80-790E-41D3-A18F-854E200F41F4}"
EndProject
Project("{FAE04EC0-301F-11D3-BF4B-00C04F79EFBC}") = "WAT.IoT.Processing", "src\WAT.IoT.Processing\WAT.IoT.Processing.csproj", "{C1F26E75-D5A3-45B1-8901-634B5C6B0543}"
EndProject
Project("{FAE04EC0-301F-11D3-BF4B-00C04F79EFBC}") = "WAT.IoT.Integration", "src\WAT.IoT.Integration\WAT.IoT.Integration.csproj", "{C1A8BBD6-2DA8-491E-A8D0-6F29ADF8F237}"
EndProject
Project("{FAE04EC0-301F-11D3-BF4B-00C04F79EFBC}") = "WAT.IoT.Api", "src\WAT.IoT.Api\WAT.IoT.Api.csproj", "{4E38E73D-4C4D-41EB-AF35-7230109252A1}"
EndProject
Project("{FAE04EC0-301F-11D3-BF4B-00C04F79EFBC}") = "WAT.IoT.Functions", "src\WAT.IoT.Functions\WAT.IoT.Functions.csproj", "{2D95023F-F445-4A3C-AC70-A2A7075B8259}"
EndProject
Project("{FAE04EC0-301F-11D3-BF4B-00C04F79EFBC}") = "WAT.IoT.Web", "src\WAT.IoT.Web\WAT.IoT.Web.csproj", "{52564AB2-AA01-46E4-92C3-B8DB0D63056E}"
EndProject
Global
	GlobalSection(SolutionConfigurationPlatforms) = preSolution
		Debug|Any CPU = Debug|Any CPU
		Debug|x64 = Debug|x64
		Debug|x86 = Debug|x86
		Release|Any CPU = Release|Any CPU
		Release|x64 = Release|x64
		Release|x86 = Release|x86
	EndGlobalSection
	GlobalSection(ProjectConfigurationPlatforms) = postSolution
		{CF8B2279-55AF-4B04-8CB6-E1ED618AB91F}.Debug|Any CPU.ActiveCfg = Debug|Any CPU
		{CF8B2279-55AF-4B04-8CB6-E1ED618AB91F}.Debug|Any CPU.Build.0 = Debug|Any CPU
		{CF8B2279-55AF-4B04-8CB6-E1ED618AB91F}.Debug|x64.ActiveCfg = Debug|Any CPU
		{CF8B2279-55AF-4B04-8CB6-E1ED618AB91F}.Debug|x64.Build.0 = Debug|Any CPU
		{CF8B2279-55AF-4B04-8CB6-E1ED618AB91F}.Debug|x86.ActiveCfg = Debug|Any CPU
		{CF8B2279-55AF-4B04-8CB6-E1ED618AB91F}.Debug|x86.Build.0 = Debug|Any CPU
		{CF8B2279-55AF-4B04-8CB6-E1ED618AB91F}.Release|Any CPU.ActiveCfg = Release|Any CPU
		{CF8B2279-55AF-4B04-8CB6-E1ED618AB91F}.Release|Any CPU.Build.0 = Release|Any CPU
		{CF8B2279-55AF-4B04-8CB6-E1ED618AB91F}.Release|x64.ActiveCfg = Release|Any CPU
		{CF8B2279-55AF-4B04-8CB6-E1ED618AB91F}.Release|x64.Build.0 = Release|Any CPU
		{CF8B2279-55AF-4B04-8CB6-E1ED618AB91F}.Release|x86.ActiveCfg = Release|Any CPU
		{CF8B2279-55AF-4B04-8CB6-E1ED618AB91F}.Release|x86.Build.0 = Release|Any CPU
		{F7D3FF80-790E-41D3-A18F-854E200F41F4}.Debug|Any CPU.ActiveCfg = Debug|Any CPU
		{F7D3FF80-790E-41D3-A18F-854E200F41F4}.Debug|Any CPU.Build.0 = Debug|Any CPU
		{F7D3FF80-790E-41D3-A18F-854E200F41F4}.Debug|x64.ActiveCfg = Debug|Any CPU
		{F7D3FF80-790E-41D3-A18F-854E200F41F4}.Debug|x64.Build.0 = Debug|Any CPU
		{F7D3FF80-790E-41D3-A18F-854E200F41F4}.Debug|x86.ActiveCfg = Debug|Any CPU
		{F7D3FF80-790E-41D3-A18F-854E200F41F4}.Debug|x86.Build.0 = Debug|Any CPU
		{F7D3FF80-790E-41D3-A18F-854E200F41F4}.Release|Any CPU.ActiveCfg = Release|Any CPU
		{F7D3FF80-790E-41D3-A18F-854E200F41F4}.Release|Any CPU.Build.0 = Release|Any CPU
		{F7D3FF80-790E-41D3-A18F-854E200F41F4}.Release|x64.ActiveCfg = Release|Any CPU
		{F7D3FF80-790E-41D3-A18F-854E200F41F4}.Release|x64.Build.0 = Release|Any CPU
		{F7D3FF80-790E-41D3-A18F-854E200F41F4}.Release|x86.ActiveCfg = Release|Any CPU
		{F7D3FF80-790E-41D3-A18F-854E200F41F4}.Release|x86.Build.0 = Release|Any CPU
		{C1F26E75-D5A3-45B1-8901-634B5C6B0543}.Debug|Any CPU.ActiveCfg = Debug|Any CPU
		{C1F26E75-D5A3-45B1-8901-634B5C6B0543}.Debug|Any CPU.Build.0 = Debug|Any CPU
		{C1F26E75-D5A3-45B1-8901-634B5C6B0543}.Debug|x64.ActiveCfg = Debug|Any CPU
		{C1F26E75-D5A3-45B1-8901-634B5C6B0543}.Debug|x64.Build.0 = Debug|Any CPU
		{C1F26E75-D5A3-45B1-8901-634B5C6B0543}.Debug|x86.ActiveCfg = Debug|Any CPU
		{C1F26E75-D5A3-45B1-8901-634B5C6B0543}.Debug|x86.Build.0 = Debug|Any CPU
		{C1F26E75-D5A3-45B1-8901-634B5C6B0543}.Release|Any CPU.ActiveCfg = Release|Any CPU
		{C1F26E75-D5A3-45B1-8901-634B5C6B0543}.Release|Any CPU.Build.0 = Release|Any CPU
		{C1F26E75-D5A3-45B1-8901-634B5C6B0543}.Release|x64.ActiveCfg = Release|Any CPU
		{C1F26E75-D5A3-45B1-8901-634B5C6B0543}.Release|x64.Build.0 = Release|Any CPU
		{C1F26E75-D5A3-45B1-8901-634B5C6B0543}.Release|x86.ActiveCfg = Release|Any CPU
		{C1F26E75-D5A3-45B1-8901-634B5C6B0543}.Release|x86.Build.0 = Release|Any CPU
		{C1A8BBD6-2DA8-491E-A8D0-6F29ADF8F237}.Debug|Any CPU.ActiveCfg = Debug|Any CPU
		{C1A8BBD6-2DA8-491E-A8D0-6F29ADF8F237}.Debug|Any CPU.Build.0 = Debug|Any CPU
		{C1A8BBD6-2DA8-491E-A8D0-6F29ADF8F237}.Debug|x64.ActiveCfg = Debug|Any CPU
		{C1A8BBD6-2DA8-491E-A8D0-6F29ADF8F237}.Debug|x64.Build.0 = Debug|Any CPU
		{C1A8BBD6-2DA8-491E-A8D0-6F29ADF8F237}.Debug|x86.ActiveCfg = Debug|Any CPU
		{C1A8BBD6-2DA8-491E-A8D0-6F29ADF8F237}.Debug|x86.Build.0 = Debug|Any CPU
		{C1A8BBD6-2DA8-491E-A8D0-6F29ADF8F237}.Release|Any CPU.ActiveCfg = Release|Any CPU
		{C1A8BBD6-2DA8-491E-A8D0-6F29ADF8F237}.Release|Any CPU.Build.0 = Release|Any CPU
		{C1A8BBD6-2DA8-491E-A8D0-6F29ADF8F237}.Release|x64.ActiveCfg = Release|Any CPU
		{C1A8BBD6-2DA8-491E-A8D0-6F29ADF8F237}.Release|x64.Build.0 = Release|Any CPU
		{C1A8BBD6-2DA8-491E-A8D0-6F29ADF8F237}.Release|x86.ActiveCfg = Release|Any CPU
		{C1A8BBD6-2DA8-491E-A8D0-6F29ADF8F237}.Release|x86.Build.0 = Release|Any CPU
		{4E38E73D-4C4D-41EB-AF35-7230109252A1}.Debug|Any CPU.ActiveCfg = Debug|Any CPU
		{4E38E73D-4C4D-41EB-AF35-7230109252A1}.Debug|Any CPU.Build.0 = Debug|Any CPU
		{4E38E73D-4C4D-41EB-AF35-7230109252A1}.Debug|x64.ActiveCfg = Debug|Any CPU
		{4E38E73D-4C4D-41EB-AF35-7230109252A1}.Debug|x64.Build.0 = Debug|Any CPU
		{4E38E73D-4C4D-41EB-AF35-7230109252A1}.Debug|x86.ActiveCfg = Debug|Any CPU
		{4E38E73D-4C4D-41EB-AF35-7230109252A1}.Debug|x86.Build.0 = Debug|Any CPU
		{4E38E73D-4C4D-41EB-AF35-7230109252A1}.Release|Any CPU.ActiveCfg = Release|Any CPU
		{4E38E73D-4C4D-41EB-AF35-7230109252A1}.Release|Any CPU.Build.0 = Release|Any CPU
		{4E38E73D-4C4D-41EB-AF35-7230109252A1}.Release|x64.ActiveCfg = Release|Any CPU
		{4E38E73D-4C4D-41EB-AF35-7230109252A1}.Release|x64.Build.0 = Release|Any CPU
		{4E38E73D-4C4D-41EB-AF35-7230109252A1}.Release|x86.ActiveCfg = Release|Any CPU
		{4E38E73D-4C4D-41EB-AF35-7230109252A1}.Release|x86.Build.0 = Release|Any CPU
		{2D95023F-F445-4A3C-AC70-A2A7075B8259}.Debug|Any CPU.ActiveCfg = Debug|Any CPU
		{2D95023F-F445-4A3C-AC70-A2A7075B8259}.Debug|Any CPU.Build.0 = Debug|Any CPU
		{2D95023F-F445-4A3C-AC70-A2A7075B8259}.Debug|x64.ActiveCfg = Debug|Any CPU
		{2D95023F-F445-4A3C-AC70-A2A7075B8259}.Debug|x64.Build.0 = Debug|Any CPU
		{2D95023F-F445-4A3C-AC70-A2A7075B8259}.Debug|x86.ActiveCfg = Debug|Any CPU
		{2D95023F-F445-4A3C-AC70-A2A7075B8259}.Debug|x86.Build.0 = Debug|Any CPU
		{2D95023F-F445-4A3C-AC70-A2A7075B8259}.Release|Any CPU.ActiveCfg = Release|Any CPU
		{2D95023F-F445-4A3C-AC70-A2A7075B8259}.Release|Any CPU.Build.0 = Release|Any CPU
		{2D95023F-F445-4A3C-AC70-A2A7075B8259}.Release|x64.ActiveCfg = Release|Any CPU
		{2D95023F-F445-4A3C-AC70-A2A7075B8259}.Release|x64.Build.0 = Release|Any CPU
		{2D95023F-F445-4A3C-AC70-A2A7075B8259}.Release|x86.ActiveCfg = Release|Any CPU
		{2D95023F-F445-4A3C-AC70-A2A7075B8259}.Release|x86.Build.0 = Release|Any CPU
		{52564AB2-AA01-46E4-92C3-B8DB0D63056E}.Debug|Any CPU.ActiveCfg = Debug|Any CPU
		{52564AB2-AA01-46E4-92C3-B8DB0D63056E}.Debug|Any CPU.Build.0 = Debug|Any CPU
		{52564AB2-AA01-46E4-92C3-B8DB0D63056E}.Debug|x64.ActiveCfg = Debug|Any CPU
		{52564AB2-AA01-46E4-92C3-B8DB0D63056E}.Debug|x64.Build.0 = Debug|Any CPU
		{52564AB2-AA01-46E4-92C3-B8DB0D63056E}.Debug|x86.ActiveCfg = Debug|Any CPU
		{52564AB2-AA01-46E4-92C3-B8DB0D63056E}.Debug|x86.Build.0 = Debug|Any CPU
		{52564AB2-AA01-46E4-92C3-B8DB0D63056E}.Release|Any CPU.ActiveCfg = Release|Any CPU
		{52564AB2-AA01-46E4-92C3-B8DB0D63056E}.Release|Any CPU.Build.0 = Release|Any CPU
		{52564AB2-AA01-46E4-92C3-B8DB0D63056E}.Release|x64.ActiveCfg = Release|Any CPU
		{52564AB2-AA01-46E4-92C3-B8DB0D63056E}.Release|x64.Build.0 = Release|Any CPU
		{52564AB2-AA01-46E4-92C3-B8DB0D63056E}.Release|x86.ActiveCfg = Release|Any CPU
		{52564AB2-AA01-46E4-92C3-B8DB0D63056E}.Release|x86.Build.0 = Release|Any CPU
	EndGlobalSection
	GlobalSection(SolutionProperties) = preSolution
		HideSolutionNode = FALSE
	EndGlobalSection
	GlobalSection(NestedProjects) = preSolution
		{CF8B2279-55AF-4B04-8CB6-E1ED618AB91F} = {827E0CD3-B72D-47B6-A68D-7590B98EB39B}
		{F7D3FF80-790E-41D3-A18F-854E200F41F4} = {827E0CD3-B72D-47B6-A68D-7590B98EB39B}
		{C1F26E75-D5A3-45B1-8901-634B5C6B0543} = {827E0CD3-B72D-47B6-A68D-7590B98EB39B}
		{C1A8BBD6-2DA8-491E-A8D0-6F29ADF8F237} = {827E0CD3-B72D-47B6-A68D-7590B98EB39B}
		{4E38E73D-4C4D-41EB-AF35-7230109252A1} = {827E0CD3-B72D-47B6-A68D-7590B98EB39B}
		{2D95023F-F445-4A3C-AC70-A2A7075B8259} = {827E0CD3-B72D-47B6-A68D-7590B98EB39B}
		{52564AB2-AA01-46E4-92C3-B8DB0D63056E} = {827E0CD3-B72D-47B6-A68D-7590B98EB39B}
	EndGlobalSection
EndGlobal
